
Microsoft Visual Studio Solution File, Format Version 12.00
# Visual Studio Version 17
VisualStudioVersion = 17.1.32210.238
MinimumVisualStudioVersion = 10.0.40219.1
Project("{9A19103F-16F7-4668-BE54-9A1E7A4F7556}") = "CustomerServiceApp.Server", "CustomerServiceApp\Server\CustomerServiceApp.Server.csproj", "{0EA5C107-1F1E-4087-AB63-D169F6E010CD}"
EndProject
Project("{2150E333-8FDC-42A3-9474-1A3956D46DE8}") = "Shared", "Shared", "{0431C830-2A93-4064-B200-60A45B6C8834}"
EndProject
Project("{2150E333-8FDC-42A3-9474-1A3956D46DE8}") = "Domains", "Domains", "{28CD69F7-6BBC-412E-B8C6-340D89665048}"
EndProject
Project("{9A19103F-16F7-4668-BE54-9A1E7A4F7556}") = "AppSquare.Shared", "CustomerServiceApp\Shared\AppSquare.Shared\AppSquare.Shared.csproj", "{B974EE99-D2BE-4A4A-82EE-452900CE935A}"
EndProject
Project("{9A19103F-16F7-4668-BE54-9A1E7A4F7556}") = "AppSquare.Shared.Server", "CustomerServiceApp\Shared\AppSquare.Shared.Server\AppSquare.Shared.Server.csproj", "{710A57D3-64EE-469F-B0D8-FDE0BEC5B55B}"
EndProject
Project("{9A19103F-16F7-4668-BE54-9A1E7A4F7556}") = "AppSquare.Shared.Client", "CustomerServiceApp\Shared\AppSquare.Shared.Client\AppSquare.Shared.Client.csproj", "{51812992-8ADF-4AD2-9BAA-E4BE751EBAEB}"
EndProject
Project("{2150E333-8FDC-42A3-9474-1A3956D46DE8}") = "Account", "Account", "{9990DDE6-B395-413A-B34A-73D1B2378CE1}"
EndProject
Project("{9A19103F-16F7-4668-BE54-9A1E7A4F7556}") = "Account.Shared", "CustomerServiceApp\Domains\Account\Account.Shared\Account.Shared.csproj", "{D81A298C-974B-48FC-9C59-468981518E0F}"
EndProject
Project("{9A19103F-16F7-4668-BE54-9A1E7A4F7556}") = "Account.Server", "CustomerServiceApp\Domains\Account\Account.Server\Account.Server.csproj", "{9DD73427-C680-4810-89EF-6BCB5834A3B3}"
EndProject
Project("{9A19103F-16F7-4668-BE54-9A1E7A4F7556}") = "Account.Client", "CustomerServiceApp\Domains\Account\Account.Client\Account.Client.csproj", "{FD8DC0F2-4BC5-4175-8B19-507E8192F8EB}"
EndProject
Project("{2150E333-8FDC-42A3-9474-1A3956D46DE8}") = "Cities", "Cities", "{699E47AE-60C1-453F-B03E-32FF35887229}"
EndProject
Project("{FAE04EC0-301F-11D3-BF4B-00C04F79EFBC}") = "Cities.Shared", "CustomerServiceApp\Domains\Cities\Cities.Shared\Cities.Shared.csproj", "{C70061EC-422D-4F0D-B2E1-EF77ED2B696D}"
EndProject
Project("{9A19103F-16F7-4668-BE54-9A1E7A4F7556}") = "Cities.Server", "CustomerServiceApp\Domains\Cities\Cities.Server\Cities.Server.csproj", "{1BB68D6E-EC16-48C0-8234-1B841763ED54}"
EndProject
Project("{FAE04EC0-301F-11D3-BF4B-00C04F79EFBC}") = "Cities.Client", "CustomerServiceApp\Domains\Cities\Cities.Client\Cities.Client.csproj", "{4B954A7E-9BCA-4214-89EE-3CBBBC388818}"
EndProject
Project("{9A19103F-16F7-4668-BE54-9A1E7A4F7556}") = "CustomerServiceApp.Client", "CustomerServiceApp\Client\CustomerServiceApp.Client.csproj", "{7FF8A8F3-58B6-41E1-A0D5-0F5699C10B17}"
EndProject
Project("{2150E333-8FDC-42A3-9474-1A3956D46DE8}") = "Services", "Services", "{756F89B2-ECE6-4C5C-AAE6-E0F1E1961D9E}"
EndProject
Project("{9A19103F-16F7-4668-BE54-9A1E7A4F7556}") = "Services.Shared", "CustomerServiceApp\Domains\Services\Services.Shared\Services.Shared.csproj", "{539BFE18-A5C1-474B-8891-A9BEF176088D}"
EndProject
Project("{9A19103F-16F7-4668-BE54-9A1E7A4F7556}") = "Services.Server", "CustomerServiceApp\Domains\Services\Services.Server\Services.Server.csproj", "{35DD6F7A-CBDB-4EB8-91FC-6B66DD3944B7}"
EndProject
Project("{9A19103F-16F7-4668-BE54-9A1E7A4F7556}") = "Services.Client", "CustomerServiceApp\Domains\Services\Services.Client\Services.Client.csproj", "{D20AB8B7-9B06-49E1-9425-249573F9A48B}"
EndProject
Project("{2150E333-8FDC-42A3-9474-1A3956D46DE8}") = "Customers", "Customers", "{2D8288DE-E618-4E54-B17F-E8EA314B27AC}"
EndProject
Project("{9A19103F-16F7-4668-BE54-9A1E7A4F7556}") = "Customers.Shared", "CustomerServiceApp\Domains\Customers\Customers.Shared\Customers.Shared.csproj", "{CDB7DE00-661C-44A4-A09F-D3698D9B8794}"
EndProject
Project("{9A19103F-16F7-4668-BE54-9A1E7A4F7556}") = "Customers.Server", "CustomerServiceApp\Domains\Customers\Customers.Server\Customers.Server.csproj", "{B698080E-FFD2-4FE8-9799-EC7C0D35F681}"
EndProject
Project("{9A19103F-16F7-4668-BE54-9A1E7A4F7556}") = "Customers.Client", "CustomerServiceApp\Domains\Customers\Customers.Client\Customers.Client.csproj", "{B4EA3BE8-855E-4223-863B-F44A0A36725E}"
EndProject
Project("{2150E333-8FDC-42A3-9474-1A3956D46DE8}") = "CustomerRequestes", "CustomerRequestes", "{98DBFAD4-1AB6-4DD5-BB05-EC05C771A99A}"
EndProject
Project("{9A19103F-16F7-4668-BE54-9A1E7A4F7556}") = "CustomerRequests.Shared", "CustomerServiceApp\Domains\CustomerRequests\CustomerRequests.Shared\CustomerRequests.Shared.csproj", "{F9AD3517-BAEF-42C5-B89A-D3B20EC861F8}"
EndProject
Project("{9A19103F-16F7-4668-BE54-9A1E7A4F7556}") = "CustomerRequests.Server", "CustomerServiceApp\Domains\CustomerRequests\CustomerRequests.Server\CustomerRequests.Server.csproj", "{9398FD60-6B1E-4D1D-AE2A-9745C64560B7}"
EndProject
Project("{9A19103F-16F7-4668-BE54-9A1E7A4F7556}") = "CustomerRequests.Client", "CustomerServiceApp\Domains\CustomerRequests\CustomerRequests.Client\CustomerRequests.Client.csproj", "{A62C9183-E7A0-472E-94E7-18CD5BB3B147}"
EndProject
Global
	GlobalSection(SolutionConfigurationPlatforms) = preSolution
		Debug|Any CPU = Debug|Any CPU
		Release|Any CPU = Release|Any CPU
	EndGlobalSection
	GlobalSection(ProjectConfigurationPlatforms) = postSolution
		{0EA5C107-1F1E-4087-AB63-D169F6E010CD}.Debug|Any CPU.ActiveCfg = Debug|Any CPU
		{0EA5C107-1F1E-4087-AB63-D169F6E010CD}.Debug|Any CPU.Build.0 = Debug|Any CPU
		{0EA5C107-1F1E-4087-AB63-D169F6E010CD}.Release|Any CPU.ActiveCfg = Release|Any CPU
		{0EA5C107-1F1E-4087-AB63-D169F6E010CD}.Release|Any CPU.Build.0 = Release|Any CPU
		{B974EE99-D2BE-4A4A-82EE-452900CE935A}.Debug|Any CPU.ActiveCfg = Debug|Any CPU
		{B974EE99-D2BE-4A4A-82EE-452900CE935A}.Debug|Any CPU.Build.0 = Debug|Any CPU
		{B974EE99-D2BE-4A4A-82EE-452900CE935A}.Release|Any CPU.ActiveCfg = Release|Any CPU
		{B974EE99-D2BE-4A4A-82EE-452900CE935A}.Release|Any CPU.Build.0 = Release|Any CPU
		{710A57D3-64EE-469F-B0D8-FDE0BEC5B55B}.Debug|Any CPU.ActiveCfg = Debug|Any CPU
		{710A57D3-64EE-469F-B0D8-FDE0BEC5B55B}.Debug|Any CPU.Build.0 = Debug|Any CPU
		{710A57D3-64EE-469F-B0D8-FDE0BEC5B55B}.Release|Any CPU.ActiveCfg = Release|Any CPU
		{710A57D3-64EE-469F-B0D8-FDE0BEC5B55B}.Release|Any CPU.Build.0 = Release|Any CPU
		{51812992-8ADF-4AD2-9BAA-E4BE751EBAEB}.Debug|Any CPU.ActiveCfg = Debug|Any CPU
		{51812992-8ADF-4AD2-9BAA-E4BE751EBAEB}.Debug|Any CPU.Build.0 = Debug|Any CPU
		{51812992-8ADF-4AD2-9BAA-E4BE751EBAEB}.Release|Any CPU.ActiveCfg = Release|Any CPU
		{51812992-8ADF-4AD2-9BAA-E4BE751EBAEB}.Release|Any CPU.Build.0 = Release|Any CPU
		{D81A298C-974B-48FC-9C59-468981518E0F}.Debug|Any CPU.ActiveCfg = Debug|Any CPU
		{D81A298C-974B-48FC-9C59-468981518E0F}.Debug|Any CPU.Build.0 = Debug|Any CPU
		{D81A298C-974B-48FC-9C59-468981518E0F}.Release|Any CPU.ActiveCfg = Release|Any CPU
		{D81A298C-974B-48FC-9C59-468981518E0F}.Release|Any CPU.Build.0 = Release|Any CPU
		{9DD73427-C680-4810-89EF-6BCB5834A3B3}.Debug|Any CPU.ActiveCfg = Debug|Any CPU
		{9DD73427-C680-4810-89EF-6BCB5834A3B3}.Debug|Any CPU.Build.0 = Debug|Any CPU
		{9DD73427-C680-4810-89EF-6BCB5834A3B3}.Release|Any CPU.ActiveCfg = Release|Any CPU
		{9DD73427-C680-4810-89EF-6BCB5834A3B3}.Release|Any CPU.Build.0 = Release|Any CPU
		{FD8DC0F2-4BC5-4175-8B19-507E8192F8EB}.Debug|Any CPU.ActiveCfg = Debug|Any CPU
		{FD8DC0F2-4BC5-4175-8B19-507E8192F8EB}.Debug|Any CPU.Build.0 = Debug|Any CPU
		{FD8DC0F2-4BC5-4175-8B19-507E8192F8EB}.Release|Any CPU.ActiveCfg = Release|Any CPU
		{FD8DC0F2-4BC5-4175-8B19-507E8192F8EB}.Release|Any CPU.Build.0 = Release|Any CPU
		{C70061EC-422D-4F0D-B2E1-EF77ED2B696D}.Debug|Any CPU.ActiveCfg = Debug|Any CPU
		{C70061EC-422D-4F0D-B2E1-EF77ED2B696D}.Debug|Any CPU.Build.0 = Debug|Any CPU
		{C70061EC-422D-4F0D-B2E1-EF77ED2B696D}.Release|Any CPU.ActiveCfg = Release|Any CPU
		{C70061EC-422D-4F0D-B2E1-EF77ED2B696D}.Release|Any CPU.Build.0 = Release|Any CPU
		{1BB68D6E-EC16-48C0-8234-1B841763ED54}.Debug|Any CPU.ActiveCfg = Debug|Any CPU
		{1BB68D6E-EC16-48C0-8234-1B841763ED54}.Debug|Any CPU.Build.0 = Debug|Any CPU
		{1BB68D6E-EC16-48C0-8234-1B841763ED54}.Release|Any CPU.ActiveCfg = Release|Any CPU
		{1BB68D6E-EC16-48C0-8234-1B841763ED54}.Release|Any CPU.Build.0 = Release|Any CPU
		{4B954A7E-9BCA-4214-89EE-3CBBBC388818}.Debug|Any CPU.ActiveCfg = Debug|Any CPU
		{4B954A7E-9BCA-4214-89EE-3CBBBC388818}.Debug|Any CPU.Build.0 = Debug|Any CPU
		{4B954A7E-9BCA-4214-89EE-3CBBBC388818}.Release|Any CPU.ActiveCfg = Release|Any CPU
		{4B954A7E-9BCA-4214-89EE-3CBBBC388818}.Release|Any CPU.Build.0 = Release|Any CPU
		{7FF8A8F3-58B6-41E1-A0D5-0F5699C10B17}.Debug|Any CPU.ActiveCfg = Debug|Any CPU
		{7FF8A8F3-58B6-41E1-A0D5-0F5699C10B17}.Debug|Any CPU.Build.0 = Debug|Any CPU
		{7FF8A8F3-58B6-41E1-A0D5-0F5699C10B17}.Release|Any CPU.ActiveCfg = Release|Any CPU
		{7FF8A8F3-58B6-41E1-A0D5-0F5699C10B17}.Release|Any CPU.Build.0 = Release|Any CPU
		{539BFE18-A5C1-474B-8891-A9BEF176088D}.Debug|Any CPU.ActiveCfg = Debug|Any CPU
		{539BFE18-A5C1-474B-8891-A9BEF176088D}.Debug|Any CPU.Build.0 = Debug|Any CPU
		{539BFE18-A5C1-474B-8891-A9BEF176088D}.Release|Any CPU.ActiveCfg = Release|Any CPU
		{539BFE18-A5C1-474B-8891-A9BEF176088D}.Release|Any CPU.Build.0 = Release|Any CPU
		{35DD6F7A-CBDB-4EB8-91FC-6B66DD3944B7}.Debug|Any CPU.ActiveCfg = Debug|Any CPU
		{35DD6F7A-CBDB-4EB8-91FC-6B66DD3944B7}.Debug|Any CPU.Build.0 = Debug|Any CPU
		{35DD6F7A-CBDB-4EB8-91FC-6B66DD3944B7}.Release|Any CPU.ActiveCfg = Release|Any CPU
		{35DD6F7A-CBDB-4EB8-91FC-6B66DD3944B7}.Release|Any CPU.Build.0 = Release|Any CPU
		{D20AB8B7-9B06-49E1-9425-249573F9A48B}.Debug|Any CPU.ActiveCfg = Debug|Any CPU
		{D20AB8B7-9B06-49E1-9425-249573F9A48B}.Debug|Any CPU.Build.0 = Debug|Any CPU
		{D20AB8B7-9B06-49E1-9425-249573F9A48B}.Release|Any CPU.ActiveCfg = Release|Any CPU
		{D20AB8B7-9B06-49E1-9425-249573F9A48B}.Release|Any CPU.Build.0 = Release|Any CPU
		{CDB7DE00-661C-44A4-A09F-D3698D9B8794}.Debug|Any CPU.ActiveCfg = Debug|Any CPU
		{CDB7DE00-661C-44A4-A09F-D3698D9B8794}.Debug|Any CPU.Build.0 = Debug|Any CPU
		{CDB7DE00-661C-44A4-A09F-D3698D9B8794}.Release|Any CPU.ActiveCfg = Release|Any CPU
		{CDB7DE00-661C-44A4-A09F-D3698D9B8794}.Release|Any CPU.Build.0 = Release|Any CPU
		{B698080E-FFD2-4FE8-9799-EC7C0D35F681}.Debug|Any CPU.ActiveCfg = Debug|Any CPU
		{B698080E-FFD2-4FE8-9799-EC7C0D35F681}.Debug|Any CPU.Build.0 = Debug|Any CPU
		{B698080E-FFD2-4FE8-9799-EC7C0D35F681}.Release|Any CPU.ActiveCfg = Release|Any CPU
		{B698080E-FFD2-4FE8-9799-EC7C0D35F681}.Release|Any CPU.Build.0 = Release|Any CPU
		{B4EA3BE8-855E-4223-863B-F44A0A36725E}.Debug|Any CPU.ActiveCfg = Debug|Any CPU
		{B4EA3BE8-855E-4223-863B-F44A0A36725E}.Debug|Any CPU.Build.0 = Debug|Any CPU
		{B4EA3BE8-855E-4223-863B-F44A0A36725E}.Release|Any CPU.ActiveCfg = Release|Any CPU
		{B4EA3BE8-855E-4223-863B-F44A0A36725E}.Release|Any CPU.Build.0 = Release|Any CPU
		{F9AD3517-BAEF-42C5-B89A-D3B20EC861F8}.Debug|Any CPU.ActiveCfg = Debug|Any CPU
		{F9AD3517-BAEF-42C5-B89A-D3B20EC861F8}.Debug|Any CPU.Build.0 = Debug|Any CPU
		{F9AD3517-BAEF-42C5-B89A-D3B20EC861F8}.Release|Any CPU.ActiveCfg = Release|Any CPU
		{F9AD3517-BAEF-42C5-B89A-D3B20EC861F8}.Release|Any CPU.Build.0 = Release|Any CPU
		{9398FD60-6B1E-4D1D-AE2A-9745C64560B7}.Debug|Any CPU.ActiveCfg = Debug|Any CPU
		{9398FD60-6B1E-4D1D-AE2A-9745C64560B7}.Debug|Any CPU.Build.0 = Debug|Any CPU
		{9398FD60-6B1E-4D1D-AE2A-9745C64560B7}.Release|Any CPU.ActiveCfg = Release|Any CPU
		{9398FD60-6B1E-4D1D-AE2A-9745C64560B7}.Release|Any CPU.Build.0 = Release|Any CPU
		{A62C9183-E7A0-472E-94E7-18CD5BB3B147}.Debug|Any CPU.ActiveCfg = Debug|Any CPU
		{A62C9183-E7A0-472E-94E7-18CD5BB3B147}.Debug|Any CPU.Build.0 = Debug|Any CPU
		{A62C9183-E7A0-472E-94E7-18CD5BB3B147}.Release|Any CPU.ActiveCfg = Release|Any CPU
		{A62C9183-E7A0-472E-94E7-18CD5BB3B147}.Release|Any CPU.Build.0 = Release|Any CPU
	EndGlobalSection
	GlobalSection(SolutionProperties) = preSolution
		HideSolutionNode = FALSE
	EndGlobalSection
	GlobalSection(NestedProjects) = preSolution
		{B974EE99-D2BE-4A4A-82EE-452900CE935A} = {0431C830-2A93-4064-B200-60A45B6C8834}
		{710A57D3-64EE-469F-B0D8-FDE0BEC5B55B} = {0431C830-2A93-4064-B200-60A45B6C8834}
		{51812992-8ADF-4AD2-9BAA-E4BE751EBAEB} = {0431C830-2A93-4064-B200-60A45B6C8834}
		{9990DDE6-B395-413A-B34A-73D1B2378CE1} = {28CD69F7-6BBC-412E-B8C6-340D89665048}
		{D81A298C-974B-48FC-9C59-468981518E0F} = {9990DDE6-B395-413A-B34A-73D1B2378CE1}
		{9DD73427-C680-4810-89EF-6BCB5834A3B3} = {9990DDE6-B395-413A-B34A-73D1B2378CE1}
		{FD8DC0F2-4BC5-4175-8B19-507E8192F8EB} = {9990DDE6-B395-413A-B34A-73D1B2378CE1}
		{699E47AE-60C1-453F-B03E-32FF35887229} = {28CD69F7-6BBC-412E-B8C6-340D89665048}
		{C70061EC-422D-4F0D-B2E1-EF77ED2B696D} = {699E47AE-60C1-453F-B03E-32FF35887229}
		{1BB68D6E-EC16-48C0-8234-1B841763ED54} = {699E47AE-60C1-453F-B03E-32FF35887229}
		{4B954A7E-9BCA-4214-89EE-3CBBBC388818} = {699E47AE-60C1-453F-B03E-32FF35887229}
		{756F89B2-ECE6-4C5C-AAE6-E0F1E1961D9E} = {28CD69F7-6BBC-412E-B8C6-340D89665048}
		{539BFE18-A5C1-474B-8891-A9BEF176088D} = {756F89B2-ECE6-4C5C-AAE6-E0F1E1961D9E}
		{35DD6F7A-CBDB-4EB8-91FC-6B66DD3944B7} = {756F89B2-ECE6-4C5C-AAE6-E0F1E1961D9E}
		{D20AB8B7-9B06-49E1-9425-249573F9A48B} = {756F89B2-ECE6-4C5C-AAE6-E0F1E1961D9E}
		{2D8288DE-E618-4E54-B17F-E8EA314B27AC} = {28CD69F7-6BBC-412E-B8C6-340D89665048}
		{CDB7DE00-661C-44A4-A09F-D3698D9B8794} = {2D8288DE-E618-4E54-B17F-E8EA314B27AC}
		{B698080E-FFD2-4FE8-9799-EC7C0D35F681} = {2D8288DE-E618-4E54-B17F-E8EA314B27AC}
		{B4EA3BE8-855E-4223-863B-F44A0A36725E} = {2D8288DE-E618-4E54-B17F-E8EA314B27AC}
		{98DBFAD4-1AB6-4DD5-BB05-EC05C771A99A} = {28CD69F7-6BBC-412E-B8C6-340D89665048}
		{F9AD3517-BAEF-42C5-B89A-D3B20EC861F8} = {98DBFAD4-1AB6-4DD5-BB05-EC05C771A99A}
		{9398FD60-6B1E-4D1D-AE2A-9745C64560B7} = {98DBFAD4-1AB6-4DD5-BB05-EC05C771A99A}
		{A62C9183-E7A0-472E-94E7-18CD5BB3B147} = {98DBFAD4-1AB6-4DD5-BB05-EC05C771A99A}
	EndGlobalSection
	GlobalSection(ExtensibilityGlobals) = postSolution
		SolutionGuid = {3019E7CD-7882-4B18-82C0-BB0B3CF7B5AD}
	EndGlobalSection
EndGlobal
